
Microsoft Visual Studio Solution File, Format Version 12.00
# Visual Studio 15
Project("{FAE04EC0-301F-11D3-BF4B-00C04F79EFBC}") = "DemoCustomRender.Android", "DemoCustomRender.Android\DemoCustomRender.Android.csproj", "{BB99F8F1-ABAE-4D50-A7D2-4C8D4FD5FAEF}"
EndProject
Project("{FAE04EC0-301F-11D3-BF4B-00C04F79EFBC}") = "DemoCustomRender.iOS", "DemoCustomRender.iOS\DemoCustomRender.iOS.csproj", "{50B5B4F1-F6DA-4396-8AC7-249B181C35D4}"
EndProject
Project("{FAE04EC0-301F-11D3-BF4B-00C04F79EFBC}") = "DemoCustomRender", "DemoCustomRender\DemoCustomRender.csproj", "{E7E1825A-FA22-444D-9431-CDBEDB22BEE8}"
EndProject
Global
	GlobalSection(SolutionConfigurationPlatforms) = preSolution
		Debug|Any CPU = Debug|Any CPU
		Release|Any CPU = Release|Any CPU
		Debug|iPhoneSimulator = Debug|iPhoneSimulator
		Release|iPhoneSimulator = Release|iPhoneSimulator
		Debug|iPhone = Debug|iPhone
		Release|iPhone = Release|iPhone
	EndGlobalSection
	GlobalSection(ProjectConfigurationPlatforms) = postSolution
		{BB99F8F1-ABAE-4D50-A7D2-4C8D4FD5FAEF}.Debug|Any CPU.ActiveCfg = Debug|Any CPU
		{BB99F8F1-ABAE-4D50-A7D2-4C8D4FD5FAEF}.Debug|Any CPU.Build.0 = Debug|Any CPU
		{BB99F8F1-ABAE-4D50-A7D2-4C8D4FD5FAEF}.Release|Any CPU.ActiveCfg = Release|Any CPU
		{BB99F8F1-ABAE-4D50-A7D2-4C8D4FD5FAEF}.Release|Any CPU.Build.0 = Release|Any CPU
		{BB99F8F1-ABAE-4D50-A7D2-4C8D4FD5FAEF}.Debug|iPhoneSimulator.ActiveCfg = Debug|Any CPU
		{BB99F8F1-ABAE-4D50-A7D2-4C8D4FD5FAEF}.Debug|iPhoneSimulator.Build.0 = Debug|Any CPU
		{BB99F8F1-ABAE-4D50-A7D2-4C8D4FD5FAEF}.Release|iPhoneSimulator.ActiveCfg = Release|Any CPU
		{BB99F8F1-ABAE-4D50-A7D2-4C8D4FD5FAEF}.Release|iPhoneSimulator.Build.0 = Release|Any CPU
		{BB99F8F1-ABAE-4D50-A7D2-4C8D4FD5FAEF}.Debug|iPhone.ActiveCfg = Debug|Any CPU
		{BB99F8F1-ABAE-4D50-A7D2-4C8D4FD5FAEF}.Debug|iPhone.Build.0 = Debug|Any CPU
		{BB99F8F1-ABAE-4D50-A7D2-4C8D4FD5FAEF}.Release|iPhone.ActiveCfg = Release|Any CPU
		{BB99F8F1-ABAE-4D50-A7D2-4C8D4FD5FAEF}.Release|iPhone.Build.0 = Release|Any CPU
		{50B5B4F1-F6DA-4396-8AC7-249B181C35D4}.Debug|Any CPU.ActiveCfg = Debug|iPhoneSimulator
		{50B5B4F1-F6DA-4396-8AC7-249B181C35D4}.Debug|Any CPU.Build.0 = Debug|iPhoneSimulator
		{50B5B4F1-F6DA-4396-8AC7-249B181C35D4}.Release|Any CPU.ActiveCfg = Release|iPhoneSimulator
		{50B5B4F1-F6DA-4396-8AC7-249B181C35D4}.Release|Any CPU.Build.0 = Release|iPhoneSimulator
		{50B5B4F1-F6DA-4396-8AC7-249B181C35D4}.Debug|iPhoneSimulator.ActiveCfg = Debug|iPhoneSimulator
		{50B5B4F1-F6DA-4396-8AC7-249B181C35D4}.Debug|iPhoneSimulator.Build.0 = Debug|iPhoneSimulator
		{50B5B4F1-F6DA-4396-8AC7-249B181C35D4}.Release|iPhoneSimulator.ActiveCfg = Release|iPhoneSimulator
		{50B5B4F1-F6DA-4396-8AC7-249B181C35D4}.Release|iPhoneSimulator.Build.0 = Release|iPhoneSimulator
		{50B5B4F1-F6DA-4396-8AC7-249B181C35D4}.Debug|iPhone.ActiveCfg = Debug|iPhone
		{50B5B4F1-F6DA-4396-8AC7-249B181C35D4}.Debug|iPhone.Build.0 = Debug|iPhone
		{50B5B4F1-F6DA-4396-8AC7-249B181C35D4}.Release|iPhone.ActiveCfg = Release|iPhone
		{50B5B4F1-F6DA-4396-8AC7-249B181C35D4}.Release|iPhone.Build.0 = Release|iPhone
		{E7E1825A-FA22-444D-9431-CDBEDB22BEE8}.Debug|Any CPU.ActiveCfg = Debug|Any CPU
		{E7E1825A-FA22-444D-9431-CDBEDB22BEE8}.Debug|Any CPU.Build.0 = Debug|Any CPU
		{E7E1825A-FA22-444D-9431-CDBEDB22BEE8}.Release|Any CPU.ActiveCfg = Release|Any CPU
		{E7E1825A-FA22-444D-9431-CDBEDB22BEE8}.Release|Any CPU.Build.0 = Release|Any CPU
		{E7E1825A-FA22-444D-9431-CDBEDB22BEE8}.Debug|iPhoneSimulator.ActiveCfg = Debug|Any CPU
		{E7E1825A-FA22-444D-9431-CDBEDB22BEE8}.Debug|iPhoneSimulator.Build.0 = Debug|Any CPU
		{E7E1825A-FA22-444D-9431-CDBEDB22BEE8}.Release|iPhoneSimulator.ActiveCfg = Release|Any CPU
		{E7E1825A-FA22-444D-9431-CDBEDB22BEE8}.Release|iPhoneSimulator.Build.0 = Release|Any CPU
		{E7E1825A-FA22-444D-9431-CDBEDB22BEE8}.Debug|iPhone.ActiveCfg = Debug|Any CPU
		{E7E1825A-FA22-444D-9431-CDBEDB22BEE8}.Debug|iPhone.Build.0 = Debug|Any CPU
		{E7E1825A-FA22-444D-9431-CDBEDB22BEE8}.Release|iPhone.ActiveCfg = Release|Any CPU
		{E7E1825A-FA22-444D-9431-CDBEDB22BEE8}.Release|iPhone.Build.0 = Release|Any CPU
	EndGlobalSection
EndGlobal
