
Microsoft Visual Studio Solution File, Format Version 12.00
# Visual Studio 15
VisualStudioVersion = 15.0.28307.539
MinimumVisualStudioVersion = 10.0.40219.1
Project("{FAE04EC0-301F-11D3-BF4B-00C04F79EFBC}") = "Calculator.Android", "Calculator\Calculator.Android\Calculator.Android.csproj", "{A68A7D8B-0F30-4CDD-A65A-A1C9C6340D6C}"
EndProject
Project("{FAE04EC0-301F-11D3-BF4B-00C04F79EFBC}") = "Calculator.iOS", "Calculator\Calculator.iOS\Calculator.iOS.csproj", "{B9448084-111B-41B4-9E22-E7A279B91979}"
EndProject
Project("{FAE04EC0-301F-11D3-BF4B-00C04F79EFBC}") = "Calculator", "Calculator\Calculator\Calculator.csproj", "{1D41475B-7AE2-4CCC-91DC-69AA49C5D4AD}"
EndProject
Global
	GlobalSection(SolutionConfigurationPlatforms) = preSolution
		Ad-Hoc|Any CPU = Ad-Hoc|Any CPU
		Ad-Hoc|iPhone = Ad-Hoc|iPhone
		Ad-Hoc|iPhoneSimulator = Ad-Hoc|iPhoneSimulator
		AppStore|Any CPU = AppStore|Any CPU
		AppStore|iPhone = AppStore|iPhone
		AppStore|iPhoneSimulator = AppStore|iPhoneSimulator
		Debug|Any CPU = Debug|Any CPU
		Debug|iPhone = Debug|iPhone
		Debug|iPhoneSimulator = Debug|iPhoneSimulator
		Release|Any CPU = Release|Any CPU
		Release|iPhone = Release|iPhone
		Release|iPhoneSimulator = Release|iPhoneSimulator
	EndGlobalSection
	GlobalSection(ProjectConfigurationPlatforms) = postSolution
		{A68A7D8B-0F30-4CDD-A65A-A1C9C6340D6C}.Ad-Hoc|Any CPU.ActiveCfg = Release|Any CPU
		{A68A7D8B-0F30-4CDD-A65A-A1C9C6340D6C}.Ad-Hoc|Any CPU.Build.0 = Release|Any CPU
		{A68A7D8B-0F30-4CDD-A65A-A1C9C6340D6C}.Ad-Hoc|Any CPU.Deploy.0 = Release|Any CPU
		{A68A7D8B-0F30-4CDD-A65A-A1C9C6340D6C}.Ad-Hoc|iPhone.ActiveCfg = Release|Any CPU
		{A68A7D8B-0F30-4CDD-A65A-A1C9C6340D6C}.Ad-Hoc|iPhone.Build.0 = Release|Any CPU
		{A68A7D8B-0F30-4CDD-A65A-A1C9C6340D6C}.Ad-Hoc|iPhone.Deploy.0 = Release|Any CPU
		{A68A7D8B-0F30-4CDD-A65A-A1C9C6340D6C}.Ad-Hoc|iPhoneSimulator.ActiveCfg = Release|Any CPU
		{A68A7D8B-0F30-4CDD-A65A-A1C9C6340D6C}.Ad-Hoc|iPhoneSimulator.Build.0 = Release|Any CPU
		{A68A7D8B-0F30-4CDD-A65A-A1C9C6340D6C}.Ad-Hoc|iPhoneSimulator.Deploy.0 = Release|Any CPU
		{A68A7D8B-0F30-4CDD-A65A-A1C9C6340D6C}.AppStore|Any CPU.ActiveCfg = Release|Any CPU
		{A68A7D8B-0F30-4CDD-A65A-A1C9C6340D6C}.AppStore|Any CPU.Build.0 = Release|Any CPU
		{A68A7D8B-0F30-4CDD-A65A-A1C9C6340D6C}.AppStore|Any CPU.Deploy.0 = Release|Any CPU
		{A68A7D8B-0F30-4CDD-A65A-A1C9C6340D6C}.AppStore|iPhone.ActiveCfg = Release|Any CPU
		{A68A7D8B-0F30-4CDD-A65A-A1C9C6340D6C}.AppStore|iPhone.Build.0 = Release|Any CPU
		{A68A7D8B-0F30-4CDD-A65A-A1C9C6340D6C}.AppStore|iPhone.Deploy.0 = Release|Any CPU
		{A68A7D8B-0F30-4CDD-A65A-A1C9C6340D6C}.AppStore|iPhoneSimulator.ActiveCfg = Release|Any CPU
		{A68A7D8B-0F30-4CDD-A65A-A1C9C6340D6C}.AppStore|iPhoneSimulator.Build.0 = Release|Any CPU
		{A68A7D8B-0F30-4CDD-A65A-A1C9C6340D6C}.AppStore|iPhoneSimulator.Deploy.0 = Release|Any CPU
		{A68A7D8B-0F30-4CDD-A65A-A1C9C6340D6C}.Debug|Any CPU.ActiveCfg = Debug|Any CPU
		{A68A7D8B-0F30-4CDD-A65A-A1C9C6340D6C}.Debug|Any CPU.Build.0 = Debug|Any CPU
		{A68A7D8B-0F30-4CDD-A65A-A1C9C6340D6C}.Debug|Any CPU.Deploy.0 = Debug|Any CPU
		{A68A7D8B-0F30-4CDD-A65A-A1C9C6340D6C}.Debug|iPhone.ActiveCfg = Debug|Any CPU
		{A68A7D8B-0F30-4CDD-A65A-A1C9C6340D6C}.Debug|iPhone.Build.0 = Debug|Any CPU
		{A68A7D8B-0F30-4CDD-A65A-A1C9C6340D6C}.Debug|iPhone.Deploy.0 = Debug|Any CPU
		{A68A7D8B-0F30-4CDD-A65A-A1C9C6340D6C}.Debug|iPhoneSimulator.ActiveCfg = Debug|Any CPU
		{A68A7D8B-0F30-4CDD-A65A-A1C9C6340D6C}.Debug|iPhoneSimulator.Build.0 = Debug|Any CPU
		{A68A7D8B-0F30-4CDD-A65A-A1C9C6340D6C}.Debug|iPhoneSimulator.Deploy.0 = Debug|Any CPU
		{A68A7D8B-0F30-4CDD-A65A-A1C9C6340D6C}.Release|Any CPU.ActiveCfg = Release|Any CPU
		{A68A7D8B-0F30-4CDD-A65A-A1C9C6340D6C}.Release|Any CPU.Build.0 = Release|Any CPU
		{A68A7D8B-0F30-4CDD-A65A-A1C9C6340D6C}.Release|Any CPU.Deploy.0 = Release|Any CPU
		{A68A7D8B-0F30-4CDD-A65A-A1C9C6340D6C}.Release|iPhone.ActiveCfg = Release|Any CPU
		{A68A7D8B-0F30-4CDD-A65A-A1C9C6340D6C}.Release|iPhone.Build.0 = Release|Any CPU
		{A68A7D8B-0F30-4CDD-A65A-A1C9C6340D6C}.Release|iPhone.Deploy.0 = Release|Any CPU
		{A68A7D8B-0F30-4CDD-A65A-A1C9C6340D6C}.Release|iPhoneSimulator.ActiveCfg = Release|Any CPU
		{A68A7D8B-0F30-4CDD-A65A-A1C9C6340D6C}.Release|iPhoneSimulator.Build.0 = Release|Any CPU
		{A68A7D8B-0F30-4CDD-A65A-A1C9C6340D6C}.Release|iPhoneSimulator.Deploy.0 = Release|Any CPU
		{B9448084-111B-41B4-9E22-E7A279B91979}.Ad-Hoc|Any CPU.ActiveCfg = Ad-Hoc|iPhone
		{B9448084-111B-41B4-9E22-E7A279B91979}.Ad-Hoc|Any CPU.Build.0 = Ad-Hoc|iPhone
		{B9448084-111B-41B4-9E22-E7A279B91979}.Ad-Hoc|Any CPU.Deploy.0 = Ad-Hoc|iPhone
		{B9448084-111B-41B4-9E22-E7A279B91979}.Ad-Hoc|iPhone.ActiveCfg = Ad-Hoc|iPhone
		{B9448084-111B-41B4-9E22-E7A279B91979}.Ad-Hoc|iPhone.Build.0 = Ad-Hoc|iPhone
		{B9448084-111B-41B4-9E22-E7A279B91979}.Ad-Hoc|iPhone.Deploy.0 = Ad-Hoc|iPhone
		{B9448084-111B-41B4-9E22-E7A279B91979}.Ad-Hoc|iPhoneSimulator.ActiveCfg = Ad-Hoc|iPhoneSimulator
		{B9448084-111B-41B4-9E22-E7A279B91979}.Ad-Hoc|iPhoneSimulator.Build.0 = Ad-Hoc|iPhoneSimulator
		{B9448084-111B-41B4-9E22-E7A279B91979}.Ad-Hoc|iPhoneSimulator.Deploy.0 = Ad-Hoc|iPhoneSimulator
		{B9448084-111B-41B4-9E22-E7A279B91979}.AppStore|Any CPU.ActiveCfg = AppStore|iPhone
		{B9448084-111B-41B4-9E22-E7A279B91979}.AppStore|Any CPU.Build.0 = AppStore|iPhone
		{B9448084-111B-41B4-9E22-E7A279B91979}.AppStore|Any CPU.Deploy.0 = AppStore|iPhone
		{B9448084-111B-41B4-9E22-E7A279B91979}.AppStore|iPhone.ActiveCfg = AppStore|iPhone
		{B9448084-111B-41B4-9E22-E7A279B91979}.AppStore|iPhone.Build.0 = AppStore|iPhone
		{B9448084-111B-41B4-9E22-E7A279B91979}.AppStore|iPhone.Deploy.0 = AppStore|iPhone
		{B9448084-111B-41B4-9E22-E7A279B91979}.AppStore|iPhoneSimulator.ActiveCfg = AppStore|iPhoneSimulator
		{B9448084-111B-41B4-9E22-E7A279B91979}.AppStore|iPhoneSimulator.Build.0 = AppStore|iPhoneSimulator
		{B9448084-111B-41B4-9E22-E7A279B91979}.AppStore|iPhoneSimulator.Deploy.0 = AppStore|iPhoneSimulator
		{B9448084-111B-41B4-9E22-E7A279B91979}.Debug|Any CPU.ActiveCfg = Debug|iPhoneSimulator
		{B9448084-111B-41B4-9E22-E7A279B91979}.Debug|Any CPU.Build.0 = Debug|iPhoneSimulator
		{B9448084-111B-41B4-9E22-E7A279B91979}.Debug|Any CPU.Deploy.0 = Debug|iPhoneSimulator
		{B9448084-111B-41B4-9E22-E7A279B91979}.Debug|iPhone.ActiveCfg = Debug|iPhone
		{B9448084-111B-41B4-9E22-E7A279B91979}.Debug|iPhone.Build.0 = Debug|iPhone
		{B9448084-111B-41B4-9E22-E7A279B91979}.Debug|iPhone.Deploy.0 = Debug|iPhone
		{B9448084-111B-41B4-9E22-E7A279B91979}.Debug|iPhoneSimulator.ActiveCfg = Debug|iPhoneSimulator
		{B9448084-111B-41B4-9E22-E7A279B91979}.Debug|iPhoneSimulator.Build.0 = Debug|iPhoneSimulator
		{B9448084-111B-41B4-9E22-E7A279B91979}.Debug|iPhoneSimulator.Deploy.0 = Debug|iPhoneSimulator
		{B9448084-111B-41B4-9E22-E7A279B91979}.Release|Any CPU.ActiveCfg = Release|iPhone
		{B9448084-111B-41B4-9E22-E7A279B91979}.Release|Any CPU.Build.0 = Release|iPhone
		{B9448084-111B-41B4-9E22-E7A279B91979}.Release|Any CPU.Deploy.0 = Release|iPhone
		{B9448084-111B-41B4-9E22-E7A279B91979}.Release|iPhone.ActiveCfg = Release|iPhone
		{B9448084-111B-41B4-9E22-E7A279B91979}.Release|iPhone.Build.0 = Release|iPhone
		{B9448084-111B-41B4-9E22-E7A279B91979}.Release|iPhone.Deploy.0 = Release|iPhone
		{B9448084-111B-41B4-9E22-E7A279B91979}.Release|iPhoneSimulator.ActiveCfg = Release|iPhoneSimulator
		{B9448084-111B-41B4-9E22-E7A279B91979}.Release|iPhoneSimulator.Build.0 = Release|iPhoneSimulator
		{B9448084-111B-41B4-9E22-E7A279B91979}.Release|iPhoneSimulator.Deploy.0 = Release|iPhoneSimulator
		{1D41475B-7AE2-4CCC-91DC-69AA49C5D4AD}.Ad-Hoc|Any CPU.ActiveCfg = Debug|Any CPU
		{1D41475B-7AE2-4CCC-91DC-69AA49C5D4AD}.Ad-Hoc|Any CPU.Build.0 = Debug|Any CPU
		{1D41475B-7AE2-4CCC-91DC-69AA49C5D4AD}.Ad-Hoc|Any CPU.Deploy.0 = Debug|Any CPU
		{1D41475B-7AE2-4CCC-91DC-69AA49C5D4AD}.Ad-Hoc|iPhone.ActiveCfg = Debug|Any CPU
		{1D41475B-7AE2-4CCC-91DC-69AA49C5D4AD}.Ad-Hoc|iPhone.Build.0 = Debug|Any CPU
		{1D41475B-7AE2-4CCC-91DC-69AA49C5D4AD}.Ad-Hoc|iPhone.Deploy.0 = Debug|Any CPU
		{1D41475B-7AE2-4CCC-91DC-69AA49C5D4AD}.Ad-Hoc|iPhoneSimulator.ActiveCfg = Debug|Any CPU
		{1D41475B-7AE2-4CCC-91DC-69AA49C5D4AD}.Ad-Hoc|iPhoneSimulator.Build.0 = Debug|Any CPU
		{1D41475B-7AE2-4CCC-91DC-69AA49C5D4AD}.Ad-Hoc|iPhoneSimulator.Deploy.0 = Debug|Any CPU
		{1D41475B-7AE2-4CCC-91DC-69AA49C5D4AD}.AppStore|Any CPU.ActiveCfg = Debug|Any CPU
		{1D41475B-7AE2-4CCC-91DC-69AA49C5D4AD}.AppStore|Any CPU.Build.0 = Debug|Any CPU
		{1D41475B-7AE2-4CCC-91DC-69AA49C5D4AD}.AppStore|Any CPU.Deploy.0 = Debug|Any CPU
		{1D41475B-7AE2-4CCC-91DC-69AA49C5D4AD}.AppStore|iPhone.ActiveCfg = Debug|Any CPU
		{1D41475B-7AE2-4CCC-91DC-69AA49C5D4AD}.AppStore|iPhone.Build.0 = Debug|Any CPU
		{1D41475B-7AE2-4CCC-91DC-69AA49C5D4AD}.AppStore|iPhone.Deploy.0 = Debug|Any CPU
		{1D41475B-7AE2-4CCC-91DC-69AA49C5D4AD}.AppStore|iPhoneSimulator.ActiveCfg = Debug|Any CPU
		{1D41475B-7AE2-4CCC-91DC-69AA49C5D4AD}.AppStore|iPhoneSimulator.Build.0 = Debug|Any CPU
		{1D41475B-7AE2-4CCC-91DC-69AA49C5D4AD}.AppStore|iPhoneSimulator.Deploy.0 = Debug|Any CPU
		{1D41475B-7AE2-4CCC-91DC-69AA49C5D4AD}.Debug|Any CPU.ActiveCfg = Debug|Any CPU
		{1D41475B-7AE2-4CCC-91DC-69AA49C5D4AD}.Debug|Any CPU.Build.0 = Debug|Any CPU
		{1D41475B-7AE2-4CCC-91DC-69AA49C5D4AD}.Debug|Any CPU.Deploy.0 = Debug|Any CPU
		{1D41475B-7AE2-4CCC-91DC-69AA49C5D4AD}.Debug|iPhone.ActiveCfg = Debug|Any CPU
		{1D41475B-7AE2-4CCC-91DC-69AA49C5D4AD}.Debug|iPhone.Build.0 = Debug|Any CPU
		{1D41475B-7AE2-4CCC-91DC-69AA49C5D4AD}.Debug|iPhone.Deploy.0 = Debug|Any CPU
		{1D41475B-7AE2-4CCC-91DC-69AA49C5D4AD}.Debug|iPhoneSimulator.ActiveCfg = Debug|Any CPU
		{1D41475B-7AE2-4CCC-91DC-69AA49C5D4AD}.Debug|iPhoneSimulator.Build.0 = Debug|Any CPU
		{1D41475B-7AE2-4CCC-91DC-69AA49C5D4AD}.Debug|iPhoneSimulator.Deploy.0 = Debug|Any CPU
		{1D41475B-7AE2-4CCC-91DC-69AA49C5D4AD}.Release|Any CPU.ActiveCfg = Release|Any CPU
		{1D41475B-7AE2-4CCC-91DC-69AA49C5D4AD}.Release|Any CPU.Build.0 = Release|Any CPU
		{1D41475B-7AE2-4CCC-91DC-69AA49C5D4AD}.Release|Any CPU.Deploy.0 = Release|Any CPU
		{1D41475B-7AE2-4CCC-91DC-69AA49C5D4AD}.Release|iPhone.ActiveCfg = Release|Any CPU
		{1D41475B-7AE2-4CCC-91DC-69AA49C5D4AD}.Release|iPhone.Build.0 = Release|Any CPU
		{1D41475B-7AE2-4CCC-91DC-69AA49C5D4AD}.Release|iPhone.Deploy.0 = Release|Any CPU
		{1D41475B-7AE2-4CCC-91DC-69AA49C5D4AD}.Release|iPhoneSimulator.ActiveCfg = Release|Any CPU
		{1D41475B-7AE2-4CCC-91DC-69AA49C5D4AD}.Release|iPhoneSimulator.Build.0 = Release|Any CPU
		{1D41475B-7AE2-4CCC-91DC-69AA49C5D4AD}.Release|iPhoneSimulator.Deploy.0 = Release|Any CPU
	EndGlobalSection
	GlobalSection(SolutionProperties) = preSolution
		HideSolutionNode = FALSE
	EndGlobalSection
	GlobalSection(ExtensibilityGlobals) = postSolution
		SolutionGuid = {D3DFC661-1B9B-432A-AF4F-D36769E9FD56}
	EndGlobalSection
EndGlobal
